// !$*UTF8*$!
{
	archiveVersion = 1;
	classes = {
	};
	objectVersion = 77;
	objects = {

/* Begin PBXContainerItemProxy section */
		A40E95042E57EB640068FFE0 /* PBXContainerItemProxy */ = {
			isa = PBXContainerItemProxy;
			containerPortal = A40E94E52E57EB620068FFE0 /* Project object */;
			proxyType = 1;
			remoteGlobalIDString = A40E94EC2E57EB620068FFE0;
			remoteInfo = messagessampleUI;
		};
		A40E950E2E57EB640068FFE0 /* PBXContainerItemProxy */ = {
			isa = PBXContainerItemProxy;
			containerPortal = A40E94E52E57EB620068FFE0 /* Project object */;
			proxyType = 1;
			remoteGlobalIDString = A40E94EC2E57EB620068FFE0;
			remoteInfo = messagessampleUI;
		};
/* End PBXContainerItemProxy section */

/* Begin PBXFileReference section */
		A40E94ED2E57EB620068FFE0 /* messagessampleUI.app */ = {isa = PBXFileReference; explicitFileType = wrapper.application; includeInIndex = 0; path = messagessampleUI.app; sourceTree = BUILT_PRODUCTS_DIR; };
		A40E95032E57EB640068FFE0 /* messagessampleUITests.xctest */ = {isa = PBXFileReference; explicitFileType = wrapper.cfbundle; includeInIndex = 0; path = messagessampleUITests.xctest; sourceTree = BUILT_PRODUCTS_DIR; };
		A40E950D2E57EB640068FFE0 /* messagessampleUIUITests.xctest */ = {isa = PBXFileReference; explicitFileType = wrapper.cfbundle; includeInIndex = 0; path = messagessampleUIUITests.xctest; sourceTree = BUILT_PRODUCTS_DIR; };
/* End PBXFileReference section */

/* Begin PBXFileSystemSynchronizedBuildFileExceptionSet section */
		A40E95152E57EB640068FFE0 /* Exceptions for "messagessampleUI" folder in "messagessampleUI" target */ = {
			isa = PBXFileSystemSynchronizedBuildFileExceptionSet;
			membershipExceptions = (
				Info.plist,
			);
			target = A40E94EC2E57EB620068FFE0 /* messagessampleUI */;
		};
/* End PBXFileSystemSynchronizedBuildFileExceptionSet section */

/* Begin PBXFileSystemSynchronizedRootGroup section */
		A40E94EF2E57EB620068FFE0 /* messagessampleUI */ = {
			isa = PBXFileSystemSynchronizedRootGroup;
			exceptions = (
				A40E95152E57EB640068FFE0 /* Exceptions for "messagessampleUI" folder in "messagessampleUI" target */,
			);
			path = messagessampleUI;
			sourceTree = "<group>";
		};
		A40E95062E57EB640068FFE0 /* messagessampleUITests */ = {
			isa = PBXFileSystemSynchronizedRootGroup;
			path = messagessampleUITests;
			sourceTree = "<group>";
		};
		A40E95102E57EB640068FFE0 /* messagessampleUIUITests */ = {
			isa = PBXFileSystemSynchronizedRootGroup;
			path = messagessampleUIUITests;
			sourceTree = "<group>";
		};
/* End PBXFileSystemSynchronizedRootGroup section */

/* Begin PBXFrameworksBuildPhase section */
		A40E94EA2E57EB620068FFE0 /* Frameworks */ = {
			isa = PBXFrameworksBuildPhase;
			buildActionMask = 2147483647;
			files = (
			);
			runOnlyForDeploymentPostprocessing = 0;
		};
		A40E95002E57EB640068FFE0 /* Frameworks */ = {
			isa = PBXFrameworksBuildPhase;
			buildActionMask = 2147483647;
			files = (
			);
			runOnlyForDeploymentPostprocessing = 0;
		};
		A40E950A2E57EB640068FFE0 /* Frameworks */ = {
			isa = PBXFrameworksBuildPhase;
			buildActionMask = 2147483647;
			files = (
			);
			runOnlyForDeploymentPostprocessing = 0;
		};
/* End PBXFrameworksBuildPhase section */

/* Begin PBXGroup section */
		A40E94E42E57EB620068FFE0 = {
			isa = PBXGroup;
			children = (
				A40E94EF2E57EB620068FFE0 /* messagessampleUI */,
				A40E95062E57EB640068FFE0 /* messagessampleUITests */,
				A40E95102E57EB640068FFE0 /* messagessampleUIUITests */,
				A40E94EE2E57EB620068FFE0 /* Products */,
			);
			sourceTree = "<group>";
		};
		A40E94EE2E57EB620068FFE0 /* Products */ = {
			isa = PBXGroup;
			children = (
				A40E94ED2E57EB620068FFE0 /* messagessampleUI.app */,
				A40E95032E57EB640068FFE0 /* messagessampleUITests.xctest */,
				A40E950D2E57EB640068FFE0 /* messagessampleUIUITests.xctest */,
			);
			name = Products;
			sourceTree = "<group>";
		};
/* End PBXGroup section */

/* Begin PBXNativeTarget section */
		A40E94EC2E57EB620068FFE0 /* messagessampleUI */ = {
			isa = PBXNativeTarget;
			buildConfigurationList = A40E95162E57EB640068FFE0 /* Build configuration list for PBXNativeTarget "messagessampleUI" */;
			buildPhases = (
				A40E94E92E57EB620068FFE0 /* Sources */,
				A40E94EA2E57EB620068FFE0 /* Frameworks */,
				A40E94EB2E57EB620068FFE0 /* Resources */,
			);
			buildRules = (
			);
			dependencies = (
			);
			fileSystemSynchronizedGroups = (
				A40E94EF2E57EB620068FFE0 /* messagessampleUI */,
			);
			name = messagessampleUI;
			packageProductDependencies = (
			);
			productName = messagessampleUI;
			productReference = A40E94ED2E57EB620068FFE0 /* messagessampleUI.app */;
			productType = "com.apple.product-type.application";
		};
		A40E95022E57EB640068FFE0 /* messagessampleUITests */ = {
			isa = PBXNativeTarget;
			buildConfigurationList = A40E951B2E57EB640068FFE0 /* Build configuration list for PBXNativeTarget "messagessampleUITests" */;
			buildPhases = (
				A40E94FF2E57EB640068FFE0 /* Sources */,
				A40E95002E57EB640068FFE0 /* Frameworks */,
				A40E95012E57EB640068FFE0 /* Resources */,
			);
			buildRules = (
			);
			dependencies = (
				A40E95052E57EB640068FFE0 /* PBXTargetDependency */,
			);
			fileSystemSynchronizedGroups = (
				A40E95062E57EB640068FFE0 /* messagessampleUITests */,
			);
			name = messagessampleUITests;
			packageProductDependencies = (
			);
			productName = messagessampleUITests;
			productReference = A40E95032E57EB640068FFE0 /* messagessampleUITests.xctest */;
			productType = "com.apple.product-type.bundle.unit-test";
		};
		A40E950C2E57EB640068FFE0 /* messagessampleUIUITests */ = {
			isa = PBXNativeTarget;
			buildConfigurationList = A40E951E2E57EB640068FFE0 /* Build configuration list for PBXNativeTarget "messagessampleUIUITests" */;
			buildPhases = (
				A40E95092E57EB640068FFE0 /* Sources */,
				A40E950A2E57EB640068FFE0 /* Frameworks */,
				A40E950B2E57EB640068FFE0 /* Resources */,
			);
			buildRules = (
			);
			dependencies = (
				A40E950F2E57EB640068FFE0 /* PBXTargetDependency */,
			);
			fileSystemSynchronizedGroups = (
				A40E95102E57EB640068FFE0 /* messagessampleUIUITests */,
			);
			name = messagessampleUIUITests;
			packageProductDependencies = (
			);
			productName = messagessampleUIUITests;
			productReference = A40E950D2E57EB640068FFE0 /* messagessampleUIUITests.xctest */;
			productType = "com.apple.product-type.bundle.ui-testing";
		};
/* End PBXNativeTarget section */

/* Begin PBXProject section */
		A40E94E52E57EB620068FFE0 /* Project object */ = {
			isa = PBXProject;
			attributes = {
				BuildIndependentTargetsInParallel = 1;
				LastSwiftUpdateCheck = 1600;
				LastUpgradeCheck = 1600;
				TargetAttributes = {
					A40E94EC2E57EB620068FFE0 = {
						CreatedOnToolsVersion = 16.0;
					};
					A40E95022E57EB640068FFE0 = {
						CreatedOnToolsVersion = 16.0;
						TestTargetID = A40E94EC2E57EB620068FFE0;
					};
					A40E950C2E57EB640068FFE0 = {
						CreatedOnToolsVersion = 16.0;
						TestTargetID = A40E94EC2E57EB620068FFE0;
					};
				};
			};
			buildConfigurationList = A40E94E82E57EB620068FFE0 /* Build configuration list for PBXProject "messagessampleUI" */;
			developmentRegion = en;
			hasScannedForEncodings = 0;
			knownRegions = (
				en,
				Base,
			);
			mainGroup = A40E94E42E57EB620068FFE0;
			minimizedProjectReferenceProxies = 1;
			preferredProjectObjectVersion = 77;
			productRefGroup = A40E94EE2E57EB620068FFE0 /* Products */;
			projectDirPath = "";
			projectRoot = "";
			targets = (
				A40E94EC2E57EB620068FFE0 /* messagessampleUI */,
				A40E95022E57EB640068FFE0 /* messagessampleUITests */,
				A40E950C2E57EB640068FFE0 /* messagessampleUIUITests */,
			);
		};
/* End PBXProject section */

/* Begin PBXResourcesBuildPhase section */
		A40E94EB2E57EB620068FFE0 /* Resources */ = {
			isa = PBXResourcesBuildPhase;
			buildActionMask = 2147483647;
			files = (
			);
			runOnlyForDeploymentPostprocessing = 0;
		};
		A40E95012E57EB640068FFE0 /* Resources */ = {
			isa = PBXResourcesBuildPhase;
			buildActionMask = 2147483647;
			files = (
			);
			runOnlyForDeploymentPostprocessing = 0;
		};
		A40E950B2E57EB640068FFE0 /* Resources */ = {
			isa = PBXResourcesBuildPhase;
			buildActionMask = 2147483647;
			files = (
			);
			runOnlyForDeploymentPostprocessing = 0;
		};
/* End PBXResourcesBuildPhase section */

/* Begin PBXSourcesBuildPhase section */
		A40E94E92E57EB620068FFE0 /* Sources */ = {
			isa = PBXSourcesBuildPhase;
			buildActionMask = 2147483647;
			files = (
			);
			runOnlyForDeploymentPostprocessing = 0;
		};
		A40E94FF2E57EB640068FFE0 /* Sources */ = {
			isa = PBXSourcesBuildPhase;
			buildActionMask = 2147483647;
			files = (
			);
			runOnlyForDeploymentPostprocessing = 0;
		};
		A40E95092E57EB640068FFE0 /* Sources */ = {
			isa = PBXSourcesBuildPhase;
			buildActionMask = 2147483647;
			files = (
			);
			runOnlyForDeploymentPostprocessing = 0;
		};
/* End PBXSourcesBuildPhase section */

/* Begin PBXTargetDependency section */
		A40E95052E57EB640068FFE0 /* PBXTargetDependency */ = {
			isa = PBXTargetDependency;
			target = A40E94EC2E57EB620068FFE0 /* messagessampleUI */;
			targetProxy = A40E95042E57EB640068FFE0 /* PBXContainerItemProxy */;
		};
		A40E950F2E57EB640068FFE0 /* PBXTargetDependency */ = {
			isa = PBXTargetDependency;
			target = A40E94EC2E57EB620068FFE0 /* messagessampleUI */;
			targetProxy = A40E950E2E57EB640068FFE0 /* PBXContainerItemProxy */;
		};
/* End PBXTargetDependency section */

/* Begin XCBuildConfiguration section */
		A40E95172E57EB640068FFE0 /* Debug */ = {
			isa = XCBuildConfiguration;
			buildSettings = {
				ASSETCATALOG_COMPILER_APPICON_NAME = AppIcon;
				ASSETCATALOG_COMPILER_GLOBAL_ACCENT_COLOR_NAME = AccentColor;
				CODE_SIGN_STYLE = Automatic;
				CURRENT_PROJECT_VERSION = 1;
				DEVELOPMENT_TEAM = 9CUZW2S4PP;
				GENERATE_INFOPLIST_FILE = YES;
				INFOPLIST_FILE = messagessampleUI/Info.plist;
				INFOPLIST_KEY_UIApplicationSupportsIndirectInputEvents = YES;
				INFOPLIST_KEY_UILaunchStoryboardName = LaunchScreen;
				INFOPLIST_KEY_UIMainStoryboardFile = Main;
				INFOPLIST_KEY_UISupportedInterfaceOrientations_iPad = "UIInterfaceOrientationPortrait UIInterfaceOrientationPortraitUpsideDown UIInterfaceOrientationLandscapeLeft UIInterfaceOrientationLandscapeRight";
				INFOPLIST_KEY_UISupportedInterfaceOrientations_iPhone = "UIInterfaceOrientationPortrait UIInterfaceOrientationLandscapeLeft UIInterfaceOrientationLandscapeRight";
				LD_RUNPATH_SEARCH_PATHS = (
					"$(inherited)",
					"@executable_path/Frameworks",
				);
				MARKETING_VERSION = 1.0;
				PRODUCT_BUNDLE_IDENTIFIER = shabcs.messagessampleUI;
				PRODUCT_NAME = "$(TARGET_NAME)";
				SWIFT_EMIT_LOC_STRINGS = YES;
				SWIFT_VERSION = 5.0;
				TARGETED_DEVICE_FAMILY = "1,2";
			};
			name = Debug;
		};
		A40E95182E57EB640068FFE0 /* Release */ = {
			isa = XCBuildConfiguration;
			buildSettings = {
				ASSETCATALOG_COMPILER_APPICON_NAME = AppIcon;
				ASSETCATALOG_COMPILER_GLOBAL_ACCENT_COLOR_NAME = AccentColor;
				CODE_SIGN_STYLE = Automatic;
				CURRENT_PROJECT_VERSION = 1;
				DEVELOPMENT_TEAM = 9CUZW2S4PP;
				GENERATE_INFOPLIST_FILE = YES;
				INFOPLIST_FILE = messagessampleUI/Info.plist;
				INFOPLIST_KEY_UIApplicationSupportsIndirectInputEvents = YES;
				INFOPLIST_KEY_UILaunchStoryboardName = LaunchScreen;
				INFOPLIST_KEY_UIMainStoryboardFile = Main;
				INFOPLIST_KEY_UISupportedInterfaceOrientations_iPad = "UIInterfaceOrientationPortrait UIInterfaceOrientationPortraitUpsideDown UIInterfaceOrientationLandscapeLeft UIInterfaceOrientationLandscapeRight";
				INFOPLIST_KEY_UISupportedInterfaceOrientations_iPhone = "UIInterfaceOrientationPortrait UIInterfaceOrientationLandscapeLeft UIInterfaceOrientationLandscapeRight";
				LD_RUNPATH_SEARCH_PATHS = (
					"$(inherited)",
					"@executable_path/Frameworks",
				);
				MARKETING_VERSION = 1.0;
				PRODUCT_BUNDLE_IDENTIFIER = shabcs.messagessampleUI;
				PRODUCT_NAME = "$(TARGET_NAME)";
				SWIFT_EMIT_LOC_STRINGS = YES;
				SWIFT_VERSION = 5.0;
				TARGETED_DEVICE_FAMILY = "1,2";
			};
			name = Release;
		};
		A40E95192E57EB640068FFE0 /* Debug */ = {
			isa = XCBuildConfiguration;
			buildSettings = {
				ALWAYS_SEARCH_USER_PATHS = NO;
				ASSETCATALOG_COMPILER_GENERATE_SWIFT_ASSET_SYMBOL_EXTENSIONS = YES;
				CLANG_ANALYZER_NONNULL = YES;
				CLANG_ANALYZER_NUMBER_OBJECT_CONVERSION = YES_AGGRESSIVE;
				CLANG_CXX_LANGUAGE_STANDARD = "gnu++20";
				CLANG_ENABLE_MODULES = YES;
				CLANG_ENABLE_OBJC_ARC = YES;
				CLANG_ENABLE_OBJC_WEAK = YES;
				CLANG_WARN_BLOCK_CAPTURE_AUTORELEASING = YES;
				CLANG_WARN_BOOL_CONVERSION = YES;
				CLANG_WARN_COMMA = YES;
				CLANG_WARN_CONSTANT_CONVERSION = YES;
				CLANG_WARN_DEPRECATED_OBJC_IMPLEMENTATIONS = YES;
				CLANG_WARN_DIRECT_OBJC_ISA_USAGE = YES_ERROR;
				CLANG_WARN_DOCUMENTATION_COMMENTS = YES;
				CLANG_WARN_EMPTY_BODY = YES;
				CLANG_WARN_ENUM_CONVERSION = YES;
				CLANG_WARN_INFINITE_RECURSION = YES;
				CLANG_WARN_INT_CONVERSION = YES;
				CLANG_WARN_NON_LITERAL_NULL_CONVERSION = YES;
				CLANG_WARN_OBJC_IMPLICIT_RETAIN_SELF = YES;
				CLANG_WARN_OBJC_LITERAL_CONVERSION = YES;
				CLANG_WARN_OBJC_ROOT_CLASS = YES_ERROR;
				CLANG_WARN_QUOTED_INCLUDE_IN_FRAMEWORK_HEADER = YES;
				CLANG_WARN_RANGE_LOOP_ANALYSIS = YES;
				CLANG_WARN_STRICT_PROTOTYPES = YES;
				CLANG_WARN_SUSPICIOUS_MOVE = YES;
				CLANG_WARN_UNGUARDED_AVAILABILITY = YES_AGGRESSIVE;
				CLANG_WARN_UNREACHABLE_CODE = YES;
				CLANG_WARN__DUPLICATE_METHOD_MATCH = YES;
				COPY_PHASE_STRIP = NO;
				DEBUG_INFORMATION_FORMAT = dwarf;
				ENABLE_STRICT_OBJC_MSGSEND = YES;
				ENABLE_TESTABILITY = YES;
				ENABLE_USER_SCRIPT_SANDBOXING = YES;
				GCC_C_LANGUAGE_STANDARD = gnu17;
				GCC_DYNAMIC_NO_PIC = NO;
				GCC_NO_COMMON_BLOCKS = YES;
				GCC_OPTIMIZATION_LEVEL = 0;
				GCC_PREPROCESSOR_DEFINITIONS = (
					"DEBUG=1",
					"$(inherited)",
				);
				GCC_WARN_64_TO_32_BIT_CONVERSION = YES;
				GCC_WARN_ABOUT_RETURN_TYPE = YES_ERROR;
				GCC_WARN_UNDECLARED_SELECTOR = YES;
				GCC_WARN_UNINITIALIZED_AUTOS = YES_AGGRESSIVE;
				GCC_WARN_UNUSED_FUNCTION = YES;
				GCC_WARN_UNUSED_VARIABLE = YES;
				IPHONEOS_DEPLOYMENT_TARGET = 18.0;
				LOCALIZATION_PREFERS_STRING_CATALOGS = YES;
				MTL_ENABLE_DEBUG_INFO = INCLUDE_SOURCE;
				MTL_FAST_MATH = YES;
				ONLY_ACTIVE_ARCH = YES;
				SDKROOT = iphoneos;
				SWIFT_ACTIVE_COMPILATION_CONDITIONS = "DEBUG $(inherited)";
				SWIFT_OPTIMIZATION_LEVEL = "-Onone";
			};
			name = Debug;
		};
		A40E951A2E57EB640068FFE0 /* Release */ = {
			isa = XCBuildConfiguration;
			buildSettings = {
				ALWAYS_SEARCH_USER_PATHS = NO;
				ASSETCATALOG_COMPILER_GENERATE_SWIFT_ASSET_SYMBOL_EXTENSIONS = YES;
				CLANG_ANALYZER_NONNULL = YES;
				CLANG_ANALYZER_NUMBER_OBJECT_CONVERSION = YES_AGGRESSIVE;
				CLANG_CXX_LANGUAGE_STANDARD = "gnu++20";
				CLANG_ENABLE_MODULES = YES;
				CLANG_ENABLE_OBJC_ARC = YES;
				CLANG_ENABLE_OBJC_WEAK = YES;
				CLANG_WARN_BLOCK_CAPTURE_AUTORELEASING = YES;
				CLANG_WARN_BOOL_CONVERSION = YES;
				CLANG_WARN_COMMA = YES;
				CLANG_WARN_CONSTANT_CONVERSION = YES;
				CLANG_WARN_DEPRECATED_OBJC_IMPLEMENTATIONS = YES;
				CLANG_WARN_DIRECT_OBJC_ISA_USAGE = YES_ERROR;
				CLANG_WARN_DOCUMENTATION_COMMENTS = YES;
				CLANG_WARN_EMPTY_BODY = YES;
				CLANG_WARN_ENUM_CONVERSION = YES;
				CLANG_WARN_INFINITE_RECURSION = YES;
				CLANG_WARN_INT_CONVERSION = YES;
				CLANG_WARN_NON_LITERAL_NULL_CONVERSION = YES;
				CLANG_WARN_OBJC_IMPLICIT_RETAIN_SELF = YES;
				CLANG_WARN_OBJC_LITERAL_CONVERSION = YES;
				CLANG_WARN_OBJC_ROOT_CLASS = YES_ERROR;
				CLANG_WARN_QUOTED_INCLUDE_IN_FRAMEWORK_HEADER = YES;
				CLANG_WARN_RANGE_LOOP_ANALYSIS = YES;
				CLANG_WARN_STRICT_PROTOTYPES = YES;
				CLANG_WARN_SUSPICIOUS_MOVE = YES;
				CLANG_WARN_UNGUARDED_AVAILABILITY = YES_AGGRESSIVE;
				CLANG_WARN_UNREACHABLE_CODE = YES;
				CLANG_WARN__DUPLICATE_METHOD_MATCH = YES;
				COPY_PHASE_STRIP = NO;
				DEBUG_INFORMATION_FORMAT = "dwarf-with-dsym";
				ENABLE_NS_ASSERTIONS = NO;
				ENABLE_STRICT_OBJC_MSGSEND = YES;
				ENABLE_USER_SCRIPT_SANDBOXING = YES;
				GCC_C_LANGUAGE_STANDARD = gnu17;
				GCC_NO_COMMON_BLOCKS = YES;
				GCC_WARN_64_TO_32_BIT_CONVERSION = YES;
				GCC_WARN_ABOUT_RETURN_TYPE = YES_ERROR;
				GCC_WARN_UNDECLARED_SELECTOR = YES;
				GCC_WARN_UNINITIALIZED_AUTOS = YES_AGGRESSIVE;
				GCC_WARN_UNUSED_FUNCTION = YES;
				GCC_WARN_UNUSED_VARIABLE = YES;
				IPHONEOS_DEPLOYMENT_TARGET = 18.0;
				LOCALIZATION_PREFERS_STRING_CATALOGS = YES;
				MTL_ENABLE_DEBUG_INFO = NO;
				MTL_FAST_MATH = YES;
				SDKROOT = iphoneos;
				SWIFT_COMPILATION_MODE = wholemodule;
				VALIDATE_PRODUCT = YES;
			};
			name = Release;
		};
		A40E951C2E57EB640068FFE0 /* Debug */ = {
			isa = XCBuildConfiguration;
			buildSettings = {
				BUNDLE_LOADER = "$(TEST_HOST)";
				CODE_SIGN_STYLE = Automatic;
				CURRENT_PROJECT_VERSION = 1;
				DEVELOPMENT_TEAM = 9CUZW2S4PP;
				GENERATE_INFOPLIST_FILE = YES;
				IPHONEOS_DEPLOYMENT_TARGET = 18.0;
				MARKETING_VERSION = 1.0;
				PRODUCT_BUNDLE_IDENTIFIER = shabcs.messagessampleUITests;
				PRODUCT_NAME = "$(TARGET_NAME)";
				SWIFT_EMIT_LOC_STRINGS = NO;
				SWIFT_VERSION = 5.0;
				TARGETED_DEVICE_FAMILY = "1,2";
				TEST_HOST = "$(BUILT_PRODUCTS_DIR)/messagessampleUI.app/$(BUNDLE_EXECUTABLE_FOLDER_PATH)/messagessampleUI";
			};
			name = Debug;
		};
		A40E951D2E57EB640068FFE0 /* Release */ = {
			isa = XCBuildConfiguration;
			buildSettings = {
				BUNDLE_LOADER = "$(TEST_HOST)";
				CODE_SIGN_STYLE = Automatic;
				CURRENT_PROJECT_VERSION = 1;
				DEVELOPMENT_TEAM = 9CUZW2S4PP;
				GENERATE_INFOPLIST_FILE = YES;
				IPHONEOS_DEPLOYMENT_TARGET = 18.0;
				MARKETING_VERSION = 1.0;
				PRODUCT_BUNDLE_IDENTIFIER = shabcs.messagessampleUITests;
				PRODUCT_NAME = "$(TARGET_NAME)";
				SWIFT_EMIT_LOC_STRINGS = NO;
				SWIFT_VERSION = 5.0;
				TARGETED_DEVICE_FAMILY = "1,2";
				TEST_HOST = "$(BUILT_PRODUCTS_DIR)/messagessampleUI.app/$(BUNDLE_EXECUTABLE_FOLDER_PATH)/messagessampleUI";
			};
			name = Release;
		};
		A40E951F2E57EB640068FFE0 /* Debug */ = {
			isa = XCBuildConfiguration;
			buildSettings = {
				CODE_SIGN_STYLE = Automatic;
				CURRENT_PROJECT_VERSION = 1;
				DEVELOPMENT_TEAM = 9CUZW2S4PP;
				GENERATE_INFOPLIST_FILE = YES;
				MARKETING_VERSION = 1.0;
				PRODUCT_BUNDLE_IDENTIFIER = shabcs.messagessampleUIUITests;
				PRODUCT_NAME = "$(TARGET_NAME)";
				SWIFT_EMIT_LOC_STRINGS = NO;
				SWIFT_VERSION = 5.0;
				TARGETED_DEVICE_FAMILY = "1,2";
				TEST_TARGET_NAME = messagessampleUI;
			};
			name = Debug;
		};
		A40E95202E57EB640068FFE0 /* Release */ = {
			isa = XCBuildConfiguration;
			buildSettings = {
				CODE_SIGN_STYLE = Automatic;
				CURRENT_PROJECT_VERSION = 1;
				DEVELOPMENT_TEAM = 9CUZW2S4PP;
				GENERATE_INFOPLIST_FILE = YES;
				MARKETING_VERSION = 1.0;
				PRODUCT_BUNDLE_IDENTIFIER = shabcs.messagessampleUIUITests;
				PRODUCT_NAME = "$(TARGET_NAME)";
				SWIFT_EMIT_LOC_STRINGS = NO;
				SWIFT_VERSION = 5.0;
				TARGETED_DEVICE_FAMILY = "1,2";
				TEST_TARGET_NAME = messagessampleUI;
			};
			name = Release;
		};
/* End XCBuildConfiguration section */

/* Begin XCConfigurationList section */
		A40E94E82E57EB620068FFE0 /* Build configuration list for PBXProject "messagessampleUI" */ = {
			isa = XCConfigurationList;
			buildConfigurations = (
				A40E95192E57EB640068FFE0 /* Debug */,
				A40E951A2E57EB640068FFE0 /* Release */,
			);
			defaultConfigurationIsVisible = 0;
			defaultConfigurationName = Release;
		};
		A40E95162E57EB640068FFE0 /* Build configuration list for PBXNativeTarget "messagessampleUI" */ = {
			isa = XCConfigurationList;
			buildConfigurations = (
				A40E95172E57EB640068FFE0 /* Debug */,
				A40E95182E57EB640068FFE0 /* Release */,
			);
			defaultConfigurationIsVisible = 0;
			defaultConfigurationName = Release;
		};
		A40E951B2E57EB640068FFE0 /* Build configuration list for PBXNativeTarget "messagessampleUITests" */ = {
			isa = XCConfigurationList;
			buildConfigurations = (
				A40E951C2E57EB640068FFE0 /* Debug */,
				A40E951D2E57EB640068FFE0 /* Release */,
			);
			defaultConfigurationIsVisible = 0;
			defaultConfigurationName = Release;
		};
		A40E951E2E57EB640068FFE0 /* Build configuration list for PBXNativeTarget "messagessampleUIUITests" */ = {
			isa = XCConfigurationList;
			buildConfigurations = (
				A40E951F2E57EB640068FFE0 /* Debug */,
				A40E95202E57EB640068FFE0 /* Release */,
			);
			defaultConfigurationIsVisible = 0;
			defaultConfigurationName = Release;
		};
/* End XCConfigurationList section */
	};
	rootObject = A40E94E52E57EB620068FFE0 /* Project object */;
}
